# This file is automatically @generated by Cargo.
# It is not intended for manual editing.
version = 4

[[package]]
name = "lazy_static"
version = "1.5.0"
source = "registry+https://github.com/rust-lang/crates.io-index"
checksum = "bbd2bcb4c963f2ddae06a2efc7e9f3591312473c50c6685e1f298068316e66fe"

[[package]]
name = "libc"
version = "0.2.176"
source = "registry+https://github.com/rust-lang/crates.io-index"
checksum = "58f929b4d672ea937a23a1ab494143d968337a5f47e56d0815df1e0890ddf174"

[[package]]
name = "libnss"
version = "0.9.0"
source = "registry+https://github.com/rust-lang/crates.io-index"
checksum = "e401ab1018ee75ca809cd81852c635f1f453d796fdd5398c14fbb5f322855eab"
dependencies = [
 "lazy_static",
 "libc",
 "paste",
]

[[package]]
name = "nss-nobody"
version = "0.0.0"
dependencies = [
 "libc",
 "libnss",
]

[[package]]
name = "paste"
version = "1.0.15"
source = "registry+https://github.com/rust-lang/crates.io-index"
checksum = "57c0d7b74b563b49d38dae00a0c37d4d6de9b432382b2892f0574ddcae73fd0a"
